# This file is automatically @generated by Cargo.
# It is not intended for manual editing.
version = 3

[[package]]
name = "desktop-man"
version = "0.0.1"
dependencies = [
 "x11_man",
]

[[package]]
name = "x11_man"
version = "0.0.2"
source = "git+https://github.com/konkitoman/x11-man#0f1d238968e44a9cae23a37e8af336ae5048177f"
